{
    "_meta": {
        "hash": {
            "sha256": "2bb464fd3038c5454c917080dc7509662b2b0df794b79ced8313c282d6de002b"
        },
        "pipfile-spec": 6,
        "requires": {
            "python_version": "3.9"
        },
        "sources": [
            {
                "name": "pypi",
                "url": "https://pypi.org/simple",
                "verify_ssl": true
            }
        ]
    },
    "default": {
        "asgiref": {
            "hashes": [
                "sha256:3e1e3ecc849832fe52ccf2cb6686b7a55f82bb1d6aee72a58826471390335e47",
                "sha256:c343bd80a0bec947a9860adb4c432ffa7db769836c64238fc34bdc3fec84d590"
            ],
            "markers": "python_version >= '3.8'",
            "version": "==3.8.1"
        },
        "confusable-homoglyphs": {
            "hashes": [
                "sha256:84c92cb79dc7f55aa290d0762b2349abd8dee4c16fbe6f99eac978d394e2e6a1",
                "sha256:b995001c9b2e1b4cea0cf5f3840a7c79188a8cbbad053d693572bd8c1c1ec460"
            ],
            "version": "==3.3.1"
        },
        "crispy-bootstrap5": {
            "hashes": [
                "sha256:55b442fe675dd95ad280123c7fe464f454186e90b8e5642e751f436c87627c44",
                "sha256:59e91dac5e45a8c954af3fbcaa6804cd5aef4402f027af2f99a352b096c4016f"
            ],
            "index": "pypi",
            "markers": "python_version >= '3.8'",
            "version": "==2024.10"
        },
        "dj-database-url": {
            "hashes": [
                "sha256:ae52e8e634186b57e5a45e445da5dc407a819c2ceed8a53d1fac004cc5288787",
                "sha256:bb0d414ba0ac5cd62773ec7f86f8cc378a9dbb00a80884c2fc08cc570452521e"
            ],
            "index": "pypi",
            "version": "==2.3.0"
        },
        "django": {
            "hashes": [
                "sha256:6c833be4b0ca614f0a919472a1028a3bbdeb6f056fa04023aeb923346ba2c306",
                "sha256:a104e13f219fc55996a4e416ef7d18ab4eeb44e0aa95174c192f16cda9f94e75"
            ],
            "index": "pypi",
            "markers": "python_version >= '3.8'",
            "version": "==4.2.19"
        },
        "django-configurations": {
            "hashes": [
                "sha256:6e5083757e2bbdf9bb7850567536b96a93515f6b17503d74928ff628db2e0e94",
                "sha256:ceb84858da2dac846b15e715c2fd936cfc4c7917c074aff8d31700564093955e"
            ],
            "index": "pypi",
            "markers": "python_version >= '3.8' and python_version < '4.0'",
            "version": "==2.5.1"
        },
        "django-crispy-forms": {
            "hashes": [
                "sha256:2db17ae08527201be1273f0df789e5f92819e23dd28fec69cffba7f3762e1a38",
                "sha256:efc4c31e5202bbec6af70d383a35e12fc80ea769d464fb0e7fe21768bb138a20"
            ],
            "index": "pypi",
            "markers": "python_version >= '3.8'",
            "version": "==2.3"
        },
        "django-debug-toolbar": {
            "hashes": [
                "sha256:296f6f18a80710e84fbb8361538ae5ec522a75ebe9ab67db34bcf1026cbeb420",
                "sha256:7456cc2e951db37dab335686db7803c4a0ecb6736d120705f6668db9548bf49f"
            ],
            "index": "pypi",
            "markers": "python_version >= '3.9'",
            "version": "==5.0.1"
        },
        "django-registration": {
            "hashes": [
                "sha256:5e3677e64f39a5d659768b93938870286b90ff500b983fd69153012fabea73fd",
                "sha256:e64b0b1d24886fc740122862630ec00b8c2ffd4ab6d0e0a9bced870374d1436b"
            ],
            "index": "pypi",
            "markers": "python_version >= '3.9'",
            "version": "==5.1.0"
        },
        "sqlparse": {
            "hashes": [
                "sha256:09f67787f56a0b16ecdbde1bfc7f5d9c3371ca683cfeaa8e6ff60b4807ec9272",
                "sha256:cf2196ed3418f3ba5de6af7e82c694a9fbdbfecccdfc72e281548517081f16ca"
            ],
            "markers": "python_version >= '3.8'",
            "version": "==0.5.3"
        },
        "typing-extensions": {
            "hashes": [
                "sha256:04e5ca0351e0f3f85c6853954072df659d0d13fac324d0072316b67d7794700d",
                "sha256:1a7ead55c7e559dd4dee8856e3a88b41225abfe1ce8df57b7c13915fe121ffb8"
            ],
            "markers": "python_version >= '3.8'",
            "version": "==4.12.2"
        }
    },
    "develop": {}
}
